
Microsoft Visual Studio Solution File, Format Version 12.00
# Visual Studio Version 17
VisualStudioVersion = 17.7.34221.43
MinimumVisualStudioVersion = 10.0.40219.1
Project("{9A19103F-16F7-4668-BE54-9A1E7A4F7556}") = "CheckAlgorithm", "CheckAlgorithm\CheckAlgorithm.csproj", "{D9370AEC-5DE6-4292-A378-46E94C82F82C}"
EndProject
Project("{9A19103F-16F7-4668-BE54-9A1E7A4F7556}") = "RunAlgorithm.Core", "RunAlgorithm.Core\RunAlgorithm.Core.csproj", "{5A0C3DD6-CCB4-4250-A94B-8B0AE22F7A03}"
EndProject
Project("{9A19103F-16F7-4668-BE54-9A1E7A4F7556}") = "TwoPhaseCommit", "TwoPhaseCommit\TwoPhaseCommit.csproj", "{206D7EC4-4EED-44CA-BE1F-6565A50AF228}"
EndProject
Project("{FAE04EC0-301F-11D3-BF4B-00C04F79EFBC}") = "Tests", "Tests\Tests.csproj", "{D31B4241-6669-4806-91C6-62E51BA59254}"
EndProject
Global
	GlobalSection(SolutionConfigurationPlatforms) = preSolution
		Debug|Any CPU = Debug|Any CPU
		Release|Any CPU = Release|Any CPU
	EndGlobalSection
	GlobalSection(ProjectConfigurationPlatforms) = postSolution
		{D9370AEC-5DE6-4292-A378-46E94C82F82C}.Debug|Any CPU.ActiveCfg = Debug|Any CPU
		{D9370AEC-5DE6-4292-A378-46E94C82F82C}.Debug|Any CPU.Build.0 = Debug|Any CPU
		{D9370AEC-5DE6-4292-A378-46E94C82F82C}.Release|Any CPU.ActiveCfg = Release|Any CPU
		{D9370AEC-5DE6-4292-A378-46E94C82F82C}.Release|Any CPU.Build.0 = Release|Any CPU
		{5A0C3DD6-CCB4-4250-A94B-8B0AE22F7A03}.Debug|Any CPU.ActiveCfg = Debug|Any CPU
		{5A0C3DD6-CCB4-4250-A94B-8B0AE22F7A03}.Debug|Any CPU.Build.0 = Debug|Any CPU
		{5A0C3DD6-CCB4-4250-A94B-8B0AE22F7A03}.Release|Any CPU.ActiveCfg = Release|Any CPU
		{5A0C3DD6-CCB4-4250-A94B-8B0AE22F7A03}.Release|Any CPU.Build.0 = Release|Any CPU
		{206D7EC4-4EED-44CA-BE1F-6565A50AF228}.Debug|Any CPU.ActiveCfg = Debug|Any CPU
		{206D7EC4-4EED-44CA-BE1F-6565A50AF228}.Debug|Any CPU.Build.0 = Debug|Any CPU
		{206D7EC4-4EED-44CA-BE1F-6565A50AF228}.Release|Any CPU.ActiveCfg = Release|Any CPU
		{206D7EC4-4EED-44CA-BE1F-6565A50AF228}.Release|Any CPU.Build.0 = Release|Any CPU
		{D31B4241-6669-4806-91C6-62E51BA59254}.Debug|Any CPU.ActiveCfg = Debug|Any CPU
		{D31B4241-6669-4806-91C6-62E51BA59254}.Debug|Any CPU.Build.0 = Debug|Any CPU
		{D31B4241-6669-4806-91C6-62E51BA59254}.Release|Any CPU.ActiveCfg = Release|Any CPU
		{D31B4241-6669-4806-91C6-62E51BA59254}.Release|Any CPU.Build.0 = Release|Any CPU
	EndGlobalSection
	GlobalSection(SolutionProperties) = preSolution
		HideSolutionNode = FALSE
	EndGlobalSection
	GlobalSection(ExtensibilityGlobals) = postSolution
		SolutionGuid = {EEDE1A51-82E6-4114-93A7-8DC31FCE57FF}
	EndGlobalSection
EndGlobal
